// !$*UTF8*$!
{
	archiveVersion = 1;
	classes = {
	};
	objectVersion = 50;
	objects = {

/* Begin PBXBuildFile section */
		C34CBD0D251CFDC10019D188 /* AppDelegate.swift in Sources */ = {isa = PBXBuildFile; fileRef = C34CBD0C251CFDC10019D188 /* AppDelegate.swift */; };
		C34CBD0F251CFDC10019D188 /* SceneDelegate.swift in Sources */ = {isa = PBXBuildFile; fileRef = C34CBD0E251CFDC10019D188 /* SceneDelegate.swift */; };
		C34CBD14251CFDC10019D188 /* Main.storyboard in Resources */ = {isa = PBXBuildFile; fileRef = C34CBD12251CFDC10019D188 /* Main.storyboard */; };
		C34CBD16251CFDC30019D188 /* Assets.xcassets in Resources */ = {isa = PBXBuildFile; fileRef = C34CBD15251CFDC30019D188 /* Assets.xcassets */; };
		C34CBD19251CFDC30019D188 /* LaunchScreen.storyboard in Resources */ = {isa = PBXBuildFile; fileRef = C34CBD17251CFDC30019D188 /* LaunchScreen.storyboard */; };
		C34CBD2E251D03A10019D188 /* MusicItem.swift in Sources */ = {isa = PBXBuildFile; fileRef = C34CBD2D251D03A10019D188 /* MusicItem.swift */; };
		C34CBD32251D08420019D188 /* AppItem.swift in Sources */ = {isa = PBXBuildFile; fileRef = C34CBD31251D08420019D188 /* AppItem.swift */; };
		C34CBD39251D0D4B0019D188 /* AppleStoreItemController.swift in Sources */ = {isa = PBXBuildFile; fileRef = C34CBD38251D0D4B0019D188 /* AppleStoreItemController.swift */; };
		C34CBD3E251D10E60019D188 /* AppleStoreError.swift in Sources */ = {isa = PBXBuildFile; fileRef = C34CBD3D251D10E60019D188 /* AppleStoreError.swift */; };
/* End PBXBuildFile section */

/* Begin PBXFileReference section */
		C34CBD09251CFDC10019D188 /* AppleSearch.app */ = {isa = PBXFileReference; explicitFileType = wrapper.application; includeInIndex = 0; path = AppleSearch.app; sourceTree = BUILT_PRODUCTS_DIR; };
		C34CBD0C251CFDC10019D188 /* AppDelegate.swift */ = {isa = PBXFileReference; lastKnownFileType = sourcecode.swift; path = AppDelegate.swift; sourceTree = "<group>"; };
		C34CBD0E251CFDC10019D188 /* SceneDelegate.swift */ = {isa = PBXFileReference; lastKnownFileType = sourcecode.swift; path = SceneDelegate.swift; sourceTree = "<group>"; };
		C34CBD13251CFDC10019D188 /* Base */ = {isa = PBXFileReference; lastKnownFileType = file.storyboard; name = Base; path = Base.lproj/Main.storyboard; sourceTree = "<group>"; };
		C34CBD15251CFDC30019D188 /* Assets.xcassets */ = {isa = PBXFileReference; lastKnownFileType = folder.assetcatalog; path = Assets.xcassets; sourceTree = "<group>"; };
		C34CBD18251CFDC30019D188 /* Base */ = {isa = PBXFileReference; lastKnownFileType = file.storyboard; name = Base; path = Base.lproj/LaunchScreen.storyboard; sourceTree = "<group>"; };
		C34CBD1A251CFDC40019D188 /* Info.plist */ = {isa = PBXFileReference; lastKnownFileType = text.plist.xml; path = Info.plist; sourceTree = "<group>"; };
		C34CBD2D251D03A10019D188 /* MusicItem.swift */ = {isa = PBXFileReference; lastKnownFileType = sourcecode.swift; path = MusicItem.swift; sourceTree = "<group>"; };
		C34CBD31251D08420019D188 /* AppItem.swift */ = {isa = PBXFileReference; lastKnownFileType = sourcecode.swift; path = AppItem.swift; sourceTree = "<group>"; };
		C34CBD38251D0D4B0019D188 /* AppleStoreItemController.swift */ = {isa = PBXFileReference; lastKnownFileType = sourcecode.swift; path = AppleStoreItemController.swift; sourceTree = "<group>"; };
		C34CBD3D251D10E60019D188 /* AppleStoreError.swift */ = {isa = PBXFileReference; lastKnownFileType = sourcecode.swift; path = AppleStoreError.swift; sourceTree = "<group>"; };
/* End PBXFileReference section */

/* Begin PBXFrameworksBuildPhase section */
		C34CBD06251CFDC10019D188 /* Frameworks */ = {
			isa = PBXFrameworksBuildPhase;
			buildActionMask = 2147483647;
			files = (
			);
			runOnlyForDeploymentPostprocessing = 0;
		};
/* End PBXFrameworksBuildPhase section */

/* Begin PBXGroup section */
		C34CBD00251CFDC00019D188 = {
			isa = PBXGroup;
			children = (
				C34CBD0B251CFDC10019D188 /* AppleSearch */,
				C34CBD0A251CFDC10019D188 /* Products */,
			);
			sourceTree = "<group>";
		};
		C34CBD0A251CFDC10019D188 /* Products */ = {
			isa = PBXGroup;
			children = (
				C34CBD09251CFDC10019D188 /* AppleSearch.app */,
			);
			name = Products;
			sourceTree = "<group>";
		};
		C34CBD0B251CFDC10019D188 /* AppleSearch */ = {
			isa = PBXGroup;
			children = (
				C34CBD27251D03480019D188 /* Models */,
				C34CBD26251D03430019D188 /* Views */,
				C34CBD25251D033B0019D188 /* Controllers */,
				C34CBD3B251D10CC0019D188 /* Helpers */,
				C34CBD21251CFDD70019D188 /* Resources */,
			);
			path = AppleSearch;
			sourceTree = "<group>";
		};
		C34CBD21251CFDD70019D188 /* Resources */ = {
			isa = PBXGroup;
			children = (
				C34CBD0C251CFDC10019D188 /* AppDelegate.swift */,
				C34CBD0E251CFDC10019D188 /* SceneDelegate.swift */,
				C34CBD15251CFDC30019D188 /* Assets.xcassets */,
				C34CBD17251CFDC30019D188 /* LaunchScreen.storyboard */,
				C34CBD1A251CFDC40019D188 /* Info.plist */,
			);
			path = Resources;
			sourceTree = "<group>";
		};
		C34CBD25251D033B0019D188 /* Controllers */ = {
			isa = PBXGroup;
			children = (
				C34CBD2A251D03700019D188 /* ModelController */,
				C34CBD2B251D03760019D188 /* ViewController */,
			);
			path = Controllers;
			sourceTree = "<group>";
		};
		C34CBD26251D03430019D188 /* Views */ = {
			isa = PBXGroup;
			children = (
				C34CBD29251D03670019D188 /* CustomViews */,
				C34CBD28251D03570019D188 /* Storyboards */,
			);
			path = Views;
			sourceTree = "<group>";
		};
		C34CBD27251D03480019D188 /* Models */ = {
			isa = PBXGroup;
			children = (
				C34CBD2D251D03A10019D188 /* MusicItem.swift */,
				C34CBD31251D08420019D188 /* AppItem.swift */,
			);
			path = Models;
			sourceTree = "<group>";
		};
		C34CBD28251D03570019D188 /* Storyboards */ = {
			isa = PBXGroup;
			children = (
				C34CBD12251CFDC10019D188 /* Main.storyboard */,
			);
			path = Storyboards;
			sourceTree = "<group>";
		};
		C34CBD29251D03670019D188 /* CustomViews */ = {
			isa = PBXGroup;
			children = (
			);
			path = CustomViews;
			sourceTree = "<group>";
		};
		C34CBD2A251D03700019D188 /* ModelController */ = {
			isa = PBXGroup;
			children = (
				C34CBD38251D0D4B0019D188 /* AppleStoreItemController.swift */,
			);
			path = ModelController;
			sourceTree = "<group>";
		};
		C34CBD2B251D03760019D188 /* ViewController */ = {
			isa = PBXGroup;
			children = (
			);
			path = ViewController;
			sourceTree = "<group>";
		};
		C34CBD3B251D10CC0019D188 /* Helpers */ = {
			isa = PBXGroup;
			children = (
				C34CBD3D251D10E60019D188 /* AppleStoreError.swift */,
			);
			path = Helpers;
			sourceTree = "<group>";
		};
/* End PBXGroup section */

/* Begin PBXNativeTarget section */
		C34CBD08251CFDC10019D188 /* AppleSearch */ = {
			isa = PBXNativeTarget;
			buildConfigurationList = C34CBD1D251CFDC40019D188 /* Build configuration list for PBXNativeTarget "AppleSearch" */;
			buildPhases = (
				C34CBD05251CFDC10019D188 /* Sources */,
				C34CBD06251CFDC10019D188 /* Frameworks */,
				C34CBD07251CFDC10019D188 /* Resources */,
			);
			buildRules = (
			);
			dependencies = (
			);
			name = AppleSearch;
			productName = AppleSearch;
			productReference = C34CBD09251CFDC10019D188 /* AppleSearch.app */;
			productType = "com.apple.product-type.application";
		};
/* End PBXNativeTarget section */

/* Begin PBXProject section */
		C34CBD01251CFDC00019D188 /* Project object */ = {
			isa = PBXProject;
			attributes = {
				LastSwiftUpdateCheck = 1200;
				LastUpgradeCheck = 1200;
				TargetAttributes = {
					C34CBD08251CFDC10019D188 = {
						CreatedOnToolsVersion = 12.0;
					};
				};
			};
			buildConfigurationList = C34CBD04251CFDC00019D188 /* Build configuration list for PBXProject "AppleSearch" */;
			compatibilityVersion = "Xcode 9.3";
			developmentRegion = en;
			hasScannedForEncodings = 0;
			knownRegions = (
				en,
				Base,
			);
			mainGroup = C34CBD00251CFDC00019D188;
			productRefGroup = C34CBD0A251CFDC10019D188 /* Products */;
			projectDirPath = "";
			projectRoot = "";
			targets = (
				C34CBD08251CFDC10019D188 /* AppleSearch */,
			);
		};
/* End PBXProject section */

/* Begin PBXResourcesBuildPhase section */
		C34CBD07251CFDC10019D188 /* Resources */ = {
			isa = PBXResourcesBuildPhase;
			buildActionMask = 2147483647;
			files = (
				C34CBD19251CFDC30019D188 /* LaunchScreen.storyboard in Resources */,
				C34CBD16251CFDC30019D188 /* Assets.xcassets in Resources */,
				C34CBD14251CFDC10019D188 /* Main.storyboard in Resources */,
			);
			runOnlyForDeploymentPostprocessing = 0;
		};
/* End PBXResourcesBuildPhase section */

/* Begin PBXSourcesBuildPhase section */
		C34CBD05251CFDC10019D188 /* Sources */ = {
			isa = PBXSourcesBuildPhase;
			buildActionMask = 2147483647;
			files = (
				C34CBD32251D08420019D188 /* AppItem.swift in Sources */,
				C34CBD39251D0D4B0019D188 /* AppleStoreItemController.swift in Sources */,
				C34CBD2E251D03A10019D188 /* MusicItem.swift in Sources */,
				C34CBD0D251CFDC10019D188 /* AppDelegate.swift in Sources */,
				C34CBD0F251CFDC10019D188 /* SceneDelegate.swift in Sources */,
				C34CBD3E251D10E60019D188 /* AppleStoreError.swift in Sources */,
			);
			runOnlyForDeploymentPostprocessing = 0;
		};
/* End PBXSourcesBuildPhase section */

/* Begin PBXVariantGroup section */
		C34CBD12251CFDC10019D188 /* Main.storyboard */ = {
			isa = PBXVariantGroup;
			children = (
				C34CBD13251CFDC10019D188 /* Base */,
			);
			name = Main.storyboard;
			sourceTree = "<group>";
		};
		C34CBD17251CFDC30019D188 /* LaunchScreen.storyboard */ = {
			isa = PBXVariantGroup;
			children = (
				C34CBD18251CFDC30019D188 /* Base */,
			);
			name = LaunchScreen.storyboard;
			sourceTree = "<group>";
		};
/* End PBXVariantGroup section */

/* Begin XCBuildConfiguration section */
		C34CBD1B251CFDC40019D188 /* Debug */ = {
			isa = XCBuildConfiguration;
			buildSettings = {
				ALWAYS_SEARCH_USER_PATHS = NO;
				CLANG_ANALYZER_NONNULL = YES;
				CLANG_ANALYZER_NUMBER_OBJECT_CONVERSION = YES_AGGRESSIVE;
				CLANG_CXX_LANGUAGE_STANDARD = "gnu++14";
				CLANG_CXX_LIBRARY = "libc++";
				CLANG_ENABLE_MODULES = YES;
				CLANG_ENABLE_OBJC_ARC = YES;
				CLANG_ENABLE_OBJC_WEAK = YES;
				CLANG_WARN_BLOCK_CAPTURE_AUTORELEASING = YES;
				CLANG_WARN_BOOL_CONVERSION = YES;
				CLANG_WARN_COMMA = YES;
				CLANG_WARN_CONSTANT_CONVERSION = YES;
				CLANG_WARN_DEPRECATED_OBJC_IMPLEMENTATIONS = YES;
				CLANG_WARN_DIRECT_OBJC_ISA_USAGE = YES_ERROR;
				CLANG_WARN_DOCUMENTATION_COMMENTS = YES;
				CLANG_WARN_EMPTY_BODY = YES;
				CLANG_WARN_ENUM_CONVERSION = YES;
				CLANG_WARN_INFINITE_RECURSION = YES;
				CLANG_WARN_INT_CONVERSION = YES;
				CLANG_WARN_NON_LITERAL_NULL_CONVERSION = YES;
				CLANG_WARN_OBJC_IMPLICIT_RETAIN_SELF = YES;
				CLANG_WARN_OBJC_LITERAL_CONVERSION = YES;
				CLANG_WARN_OBJC_ROOT_CLASS = YES_ERROR;
				CLANG_WARN_QUOTED_INCLUDE_IN_FRAMEWORK_HEADER = YES;
				CLANG_WARN_RANGE_LOOP_ANALYSIS = YES;
				CLANG_WARN_STRICT_PROTOTYPES = YES;
				CLANG_WARN_SUSPICIOUS_MOVE = YES;
				CLANG_WARN_UNGUARDED_AVAILABILITY = YES_AGGRESSIVE;
				CLANG_WARN_UNREACHABLE_CODE = YES;
				CLANG_WARN__DUPLICATE_METHOD_MATCH = YES;
				COPY_PHASE_STRIP = NO;
				DEBUG_INFORMATION_FORMAT = dwarf;
				ENABLE_STRICT_OBJC_MSGSEND = YES;
				ENABLE_TESTABILITY = YES;
				GCC_C_LANGUAGE_STANDARD = gnu11;
				GCC_DYNAMIC_NO_PIC = NO;
				GCC_NO_COMMON_BLOCKS = YES;
				GCC_OPTIMIZATION_LEVEL = 0;
				GCC_PREPROCESSOR_DEFINITIONS = (
					"DEBUG=1",
					"$(inherited)",
				);
				GCC_WARN_64_TO_32_BIT_CONVERSION = YES;
				GCC_WARN_ABOUT_RETURN_TYPE = YES_ERROR;
				GCC_WARN_UNDECLARED_SELECTOR = YES;
				GCC_WARN_UNINITIALIZED_AUTOS = YES_AGGRESSIVE;
				GCC_WARN_UNUSED_FUNCTION = YES;
				GCC_WARN_UNUSED_VARIABLE = YES;
				IPHONEOS_DEPLOYMENT_TARGET = 14.0;
				MTL_ENABLE_DEBUG_INFO = INCLUDE_SOURCE;
				MTL_FAST_MATH = YES;
				ONLY_ACTIVE_ARCH = YES;
				SDKROOT = iphoneos;
				SWIFT_ACTIVE_COMPILATION_CONDITIONS = DEBUG;
				SWIFT_OPTIMIZATION_LEVEL = "-Onone";
			};
			name = Debug;
		};
		C34CBD1C251CFDC40019D188 /* Release */ = {
			isa = XCBuildConfiguration;
			buildSettings = {
				ALWAYS_SEARCH_USER_PATHS = NO;
				CLANG_ANALYZER_NONNULL = YES;
				CLANG_ANALYZER_NUMBER_OBJECT_CONVERSION = YES_AGGRESSIVE;
				CLANG_CXX_LANGUAGE_STANDARD = "gnu++14";
				CLANG_CXX_LIBRARY = "libc++";
				CLANG_ENABLE_MODULES = YES;
				CLANG_ENABLE_OBJC_ARC = YES;
				CLANG_ENABLE_OBJC_WEAK = YES;
				CLANG_WARN_BLOCK_CAPTURE_AUTORELEASING = YES;
				CLANG_WARN_BOOL_CONVERSION = YES;
				CLANG_WARN_COMMA = YES;
				CLANG_WARN_CONSTANT_CONVERSION = YES;
				CLANG_WARN_DEPRECATED_OBJC_IMPLEMENTATIONS = YES;
				CLANG_WARN_DIRECT_OBJC_ISA_USAGE = YES_ERROR;
				CLANG_WARN_DOCUMENTATION_COMMENTS = YES;
				CLANG_WARN_EMPTY_BODY = YES;
				CLANG_WARN_ENUM_CONVERSION = YES;
				CLANG_WARN_INFINITE_RECURSION = YES;
				CLANG_WARN_INT_CONVERSION = YES;
				CLANG_WARN_NON_LITERAL_NULL_CONVERSION = YES;
				CLANG_WARN_OBJC_IMPLICIT_RETAIN_SELF = YES;
				CLANG_WARN_OBJC_LITERAL_CONVERSION = YES;
				CLANG_WARN_OBJC_ROOT_CLASS = YES_ERROR;
				CLANG_WARN_QUOTED_INCLUDE_IN_FRAMEWORK_HEADER = YES;
				CLANG_WARN_RANGE_LOOP_ANALYSIS = YES;
				CLANG_WARN_STRICT_PROTOTYPES = YES;
				CLANG_WARN_SUSPICIOUS_MOVE = YES;
				CLANG_WARN_UNGUARDED_AVAILABILITY = YES_AGGRESSIVE;
				CLANG_WARN_UNREACHABLE_CODE = YES;
				CLANG_WARN__DUPLICATE_METHOD_MATCH = YES;
				COPY_PHASE_STRIP = NO;
				DEBUG_INFORMATION_FORMAT = "dwarf-with-dsym";
				ENABLE_NS_ASSERTIONS = NO;
				ENABLE_STRICT_OBJC_MSGSEND = YES;
				GCC_C_LANGUAGE_STANDARD = gnu11;
				GCC_NO_COMMON_BLOCKS = YES;
				GCC_WARN_64_TO_32_BIT_CONVERSION = YES;
				GCC_WARN_ABOUT_RETURN_TYPE = YES_ERROR;
				GCC_WARN_UNDECLARED_SELECTOR = YES;
				GCC_WARN_UNINITIALIZED_AUTOS = YES_AGGRESSIVE;
				GCC_WARN_UNUSED_FUNCTION = YES;
				GCC_WARN_UNUSED_VARIABLE = YES;
				IPHONEOS_DEPLOYMENT_TARGET = 14.0;
				MTL_ENABLE_DEBUG_INFO = NO;
				MTL_FAST_MATH = YES;
				SDKROOT = iphoneos;
				SWIFT_COMPILATION_MODE = wholemodule;
				SWIFT_OPTIMIZATION_LEVEL = "-O";
				VALIDATE_PRODUCT = YES;
			};
			name = Release;
		};
		C34CBD1E251CFDC40019D188 /* Debug */ = {
			isa = XCBuildConfiguration;
			buildSettings = {
				ASSETCATALOG_COMPILER_APPICON_NAME = AppIcon;
				ASSETCATALOG_COMPILER_GLOBAL_ACCENT_COLOR_NAME = AccentColor;
				CODE_SIGN_STYLE = Automatic;
				INFOPLIST_FILE = AppleSearch/Resources/Info.plist;
				LD_RUNPATH_SEARCH_PATHS = (
					"$(inherited)",
					"@executable_path/Frameworks",
				);
				PRODUCT_BUNDLE_IDENTIFIER = com.DevenDay.AppleSearch;
				PRODUCT_NAME = "$(TARGET_NAME)";
				SWIFT_VERSION = 5.0;
				TARGETED_DEVICE_FAMILY = "1,2";
			};
			name = Debug;
		};
		C34CBD1F251CFDC40019D188 /* Release */ = {
			isa = XCBuildConfiguration;
			buildSettings = {
				ASSETCATALOG_COMPILER_APPICON_NAME = AppIcon;
				ASSETCATALOG_COMPILER_GLOBAL_ACCENT_COLOR_NAME = AccentColor;
				CODE_SIGN_STYLE = Automatic;
				INFOPLIST_FILE = AppleSearch/Resources/Info.plist;
				LD_RUNPATH_SEARCH_PATHS = (
					"$(inherited)",
					"@executable_path/Frameworks",
				);
				PRODUCT_BUNDLE_IDENTIFIER = com.DevenDay.AppleSearch;
				PRODUCT_NAME = "$(TARGET_NAME)";
				SWIFT_VERSION = 5.0;
				TARGETED_DEVICE_FAMILY = "1,2";
			};
			name = Release;
		};
/* End XCBuildConfiguration section */

/* Begin XCConfigurationList section */
		C34CBD04251CFDC00019D188 /* Build configuration list for PBXProject "AppleSearch" */ = {
			isa = XCConfigurationList;
			buildConfigurations = (
				C34CBD1B251CFDC40019D188 /* Debug */,
				C34CBD1C251CFDC40019D188 /* Release */,
			);
			defaultConfigurationIsVisible = 0;
			defaultConfigurationName = Release;
		};
		C34CBD1D251CFDC40019D188 /* Build configuration list for PBXNativeTarget "AppleSearch" */ = {
			isa = XCConfigurationList;
			buildConfigurations = (
				C34CBD1E251CFDC40019D188 /* Debug */,
				C34CBD1F251CFDC40019D188 /* Release */,
			);
			defaultConfigurationIsVisible = 0;
			defaultConfigurationName = Release;
		};
/* End XCConfigurationList section */
	};
	rootObject = C34CBD01251CFDC00019D188 /* Project object */;
}
